{
  "name": "api",
  "version": "1.0.0",
  "lockfileVersion": 1,
  "requires": true,
  "dependencies": {
    "@microsoft/recognizers-text": {
      "version": "1.1.4",
      "resolved": "https://registry.npmjs.org/@microsoft/recognizers-text/-/recognizers-text-1.1.4.tgz",
      "integrity": "sha512-hlSVXcaX5i8JcjuUJpVxmy2Z/GxvFXarF0KVySCFop57wNEnrLWMHe4I4DjP866G19VyIKRw+vPA32pkGhZgTg=="
    },
    "@microsoft/recognizers-text-choice": {
      "version": "1.1.4",
      "resolved": "https://registry.npmjs.org/@microsoft/recognizers-text-choice/-/recognizers-text-choice-1.1.4.tgz",
      "integrity": "sha512-4CddwFe4RVhZeJgW65ocBrEdeukBMghK8pgI0K0Qy2eA5ysPZQpeZ7BGSDz5QMQei5LPY+QaAQ3CHU+ORHoO7A==",
      "requires": {
        "@microsoft/recognizers-text": "~1.1.4",
        "grapheme-splitter": "^1.0.2"
      }
    },
    "@microsoft/recognizers-text-date-time": {
      "version": "1.1.4",
      "resolved": "https://registry.npmjs.org/@microsoft/recognizers-text-date-time/-/recognizers-text-date-time-1.1.4.tgz",
      "integrity": "sha512-leMnjN+KYNwNvRD5T4G0ORUzkjlek/BBZDvQIjAujtyrd/pkViUnuouWIPkFT/dbSOxXML8et54CSk2KfHiWIA==",
      "requires": {
        "@microsoft/recognizers-text": "~1.1.4",
        "@microsoft/recognizers-text-number": "~1.1.4",
        "@microsoft/recognizers-text-number-with-unit": "~1.1.4",
        "lodash.isequal": "^4.5.0",
        "lodash.tonumber": "^4.0.3"
      }
    },
    "@microsoft/recognizers-text-number": {
      "version": "1.1.4",
      "resolved": "https://registry.npmjs.org/@microsoft/recognizers-text-number/-/recognizers-text-number-1.1.4.tgz",
      "integrity": "sha512-6EmlR+HR+eJBIX7sQby1vs6LJB64wxLowHaGpIU9OCXFvZ5Nb0QT8qh10rC40v3Mtrz4DpScXfSXr9tWkIO5MQ==",
      "requires": {
        "@microsoft/recognizers-text": "~1.1.4",
        "bignumber.js": "^7.2.1",
        "lodash.escaperegexp": "^4.1.2",
        "lodash.sortby": "^4.7.0",
        "lodash.trimend": "^4.5.1"
      }
    },
    "@microsoft/recognizers-text-number-with-unit": {
      "version": "1.1.4",
      "resolved": "https://registry.npmjs.org/@microsoft/recognizers-text-number-with-unit/-/recognizers-text-number-with-unit-1.1.4.tgz",
      "integrity": "sha512-zl+CfmfWK0x/x+iSgaBAevKTYO0F4+z7SYHAHztaaaGuX8FERw2jmUjSgVetm5KA3EveyCx0XYGU1mRNY8p7Eg==",
      "requires": {
        "@microsoft/recognizers-text": "~1.1.4",
        "@microsoft/recognizers-text-number": "~1.1.4",
        "lodash.escaperegexp": "^4.1.2",
        "lodash.last": "^3.0.0",
        "lodash.max": "^4.0.1"
      }
    },
    "@microsoft/recognizers-text-sequence": {
      "version": "1.1.4",
      "resolved": "https://registry.npmjs.org/@microsoft/recognizers-text-sequence/-/recognizers-text-sequence-1.1.4.tgz",
      "integrity": "sha512-rb5j8/aE7HSOdIxaVfCGFrj0wWPpSq0CuykFg/A/iJNPP+FnAU71bgP5HexrwQcpCsDinauisX7u0DKIChrHRA==",
      "requires": {
        "@microsoft/recognizers-text": "~1.1.4",
        "grapheme-splitter": "^1.0.2"
      }
    },
    "@microsoft/recognizers-text-suite": {
      "version": "1.1.4",
      "resolved": "https://registry.npmjs.org/@microsoft/recognizers-text-suite/-/recognizers-text-suite-1.1.4.tgz",
      "integrity": "sha512-hNIaR4M2G0nNeI9WZxt9C0KYh/1vhjeKzX5Ds8XDdT0pxF7zwCSo19WNcPjrVK6aCOeZTw/ULofsAjdu9gSkcA==",
      "requires": {
        "@microsoft/recognizers-text": "~1.1.4",
        "@microsoft/recognizers-text-choice": "~1.1.4",
        "@microsoft/recognizers-text-date-time": "~1.1.4",
        "@microsoft/recognizers-text-number": "~1.1.4",
        "@microsoft/recognizers-text-number-with-unit": "~1.1.4",
        "@microsoft/recognizers-text-sequence": "~1.1.4"
      }
    },
    "@nlpjs/builtin-duckling": {
      "version": "4.1.0",
      "resolved": "https://registry.npmjs.org/@nlpjs/builtin-duckling/-/builtin-duckling-4.1.0.tgz",
      "integrity": "sha512-HRWpQS/P2HBxXfHonXU0qZNJy51ISxRGjt9O64peo6ot/D4w7rcE8uVGbNPL98eOFQdtnxWJxOD3FroDmZ/BIQ==",
      "requires": {
        "@nlpjs/core": "^4.1.0"
      }
    },
    "@nlpjs/builtin-microsoft": {
      "version": "4.1.0",
      "resolved": "https://registry.npmjs.org/@nlpjs/builtin-microsoft/-/builtin-microsoft-4.1.0.tgz",
      "integrity": "sha512-mGCrIsxJd9GWp7P/A3K4TTP0bljPFfeMdpd66Hi4q0WUPrBvy3ln1AdkhTJTij/lwKUgpMXcjDHIciCcnTVLGg==",
      "requires": {
        "@microsoft/recognizers-text-suite": "1.1.4",
        "@nlpjs/core": "^4.1.0"
      }
    },
    "@nlpjs/core": {
      "version": "4.1.0",
      "resolved": "https://registry.npmjs.org/@nlpjs/core/-/core-4.1.0.tgz",
      "integrity": "sha512-GoqGhA+y4N8JADYgqZyVGzGjONb3wt/7pReEy1hJeUDeGKe4qGu+HkuWX6qF16VaQi97lWcrmOpJetk7RknXQQ=="
    },
    "@nlpjs/core-loader": {
      "version": "4.1.0",
      "resolved": "https://registry.npmjs.org/@nlpjs/core-loader/-/core-loader-4.1.0.tgz",
      "integrity": "sha512-J6ixzViY2zfVnSAnzU6Z9pAq8wzoX3vWzXFWnFvMbBanp/rv/PDL8OHfOgi8KNMqNgZVjNNJ8w+kQuxZJBnzSw==",
      "requires": {
        "@nlpjs/core": "^4.1.0",
        "@nlpjs/request": "^4.1.0"
      }
    },
    "@nlpjs/emoji": {
      "version": "4.1.0",
      "resolved": "https://registry.npmjs.org/@nlpjs/emoji/-/emoji-4.1.0.tgz",
      "integrity": "sha512-GYfmFlOOnGrn4oYCm1lX79/7FtS1DIJtMoSy8mvRAo9y5aaEvkPqs3z1kEYKPocSV67Ga1KoW4OGwHmUS/GvbA==",
      "requires": {
        "@nlpjs/core": "^4.1.0"
      }
    },
    "@nlpjs/evaluator": {
      "version": "4.0.0-rc.19",
      "resolved": "https://registry.npmjs.org/@nlpjs/evaluator/-/evaluator-4.0.0-rc.19.tgz",
      "integrity": "sha512-A0Fi/kw3NwWaD10nEzdUTP+KRm0ZMKJdaitt58fMcUnjkHxeB8FPCHEHKkYcbZAWbcA+T8TQVDUy7vTMjI6/8Q==",
      "requires": {
        "escodegen": "^1.12.0",
        "esprima": "^4.0.1"
      }
    },
    "@nlpjs/lang-all": {
      "version": "4.1.0",
      "resolved": "https://registry.npmjs.org/@nlpjs/lang-all/-/lang-all-4.1.0.tgz",
      "integrity": "sha512-6Zfq4ds0WY7XLY3fvnrkCEoLGKB1JmCJizprijiGFbbOTBOZwnuf1XSydHHKq5C6u+bs4mee7wpeVcLziiPqxw==",
      "requires": {
        "@nlpjs/core": "^4.1.0",
        "@nlpjs/lang-ar": "^4.1.0",
        "@nlpjs/lang-bn": "^4.1.0",
        "@nlpjs/lang-ca": "^4.1.0",
        "@nlpjs/lang-cs": "^4.1.0",
        "@nlpjs/lang-da": "^4.1.0",
        "@nlpjs/lang-de": "^4.1.0",
        "@nlpjs/lang-el": "^4.1.0",
        "@nlpjs/lang-en": "^4.1.0",
        "@nlpjs/lang-es": "^4.1.0",
        "@nlpjs/lang-eu": "^4.1.0",
        "@nlpjs/lang-fa": "^4.1.0",
        "@nlpjs/lang-fi": "^4.1.0",
        "@nlpjs/lang-fr": "^4.1.0",
        "@nlpjs/lang-ga": "^4.1.0",
        "@nlpjs/lang-gl": "^4.1.0",
        "@nlpjs/lang-hi": "^4.1.0",
        "@nlpjs/lang-hu": "^4.1.0",
        "@nlpjs/lang-hy": "^4.1.0",
        "@nlpjs/lang-id": "^4.1.0",
        "@nlpjs/lang-it": "^4.1.0",
        "@nlpjs/lang-ja": "^4.1.0",
        "@nlpjs/lang-lt": "^4.1.0",
        "@nlpjs/lang-ne": "^4.1.0",
        "@nlpjs/lang-nl": "^4.1.0",
        "@nlpjs/lang-no": "^4.1.0",
        "@nlpjs/lang-pl": "^4.1.0",
        "@nlpjs/lang-pt": "^4.1.0",
        "@nlpjs/lang-ro": "^4.1.0",
        "@nlpjs/lang-ru": "^4.1.0",
        "@nlpjs/lang-sl": "^4.1.0",
        "@nlpjs/lang-sr": "^4.1.0",
        "@nlpjs/lang-sv": "^4.1.0",
        "@nlpjs/lang-ta": "^4.1.0",
        "@nlpjs/lang-th": "^4.1.0",
        "@nlpjs/lang-tl": "^4.1.0",
        "@nlpjs/lang-tr": "^4.1.0",
        "@nlpjs/lang-uk": "^4.1.0",
        "@nlpjs/lang-zh": "^4.1.0"
      }
    },
    "@nlpjs/lang-ar": {
      "version": "4.1.0",
      "resolved": "https://registry.npmjs.org/@nlpjs/lang-ar/-/lang-ar-4.1.0.tgz",
      "integrity": "sha512-BTwCstRHhZYWvvrckq/tsUUWdUKoYfYd2t4Uzm6gArD+OgWuXPeGKdQ56NLqdluACoJH/1Fnhcw2nzGqbvnxaQ==",
      "requires": {
        "@nlpjs/core": "^4.1.0"
      }
    },
    "@nlpjs/lang-bn": {
      "version": "4.1.0",
      "resolved": "https://registry.npmjs.org/@nlpjs/lang-bn/-/lang-bn-4.1.0.tgz",
      "integrity": "sha512-xVseVTJ9D4Pz2t5lhAAqKb+p+pnr1Ry2ARDOqTerHx22TjtcxgdQ9xB/cAA0bUrPSqpZsVqu+R1Jcxf/tjvtBQ==",
      "requires": {
        "@nlpjs/core": "^4.1.0"
      }
    },
    "@nlpjs/lang-ca": {
      "version": "4.1.0",
      "resolved": "https://registry.npmjs.org/@nlpjs/lang-ca/-/lang-ca-4.1.0.tgz",
      "integrity": "sha512-W6x1+PR5C7WW/2kEAloiN1vuqLSievBTKgo9y/62LFBfMhCReM6eTZjY4S7S+pm6oXtYQMz5deidnxa0TximkQ==",
      "requires": {
        "@nlpjs/core": "^4.1.0"
      }
    },
    "@nlpjs/lang-cs": {
      "version": "4.1.0",
      "resolved": "https://registry.npmjs.org/@nlpjs/lang-cs/-/lang-cs-4.1.0.tgz",
      "integrity": "sha512-BGtHaR38YONGWZg5cmy6gqno27GoDrHDPXEBfNBfP+LuO4UNidwki81ilah9N0cr+zOyE0bOvcTxRE38G+oEtA==",
      "requires": {
        "@nlpjs/core": "^4.1.0"
      }
    },
    "@nlpjs/lang-da": {
      "version": "4.1.0",
      "resolved": "https://registry.npmjs.org/@nlpjs/lang-da/-/lang-da-4.1.0.tgz",
      "integrity": "sha512-EKh3D4fG3M8gkltAVXHLXTlF42yXMGVmkrgUUgbAFCWWnTmgbbZNerQ/0KY8ohvgpl+HndNKNbkvAGLjxbMrew==",
      "requires": {
        "@nlpjs/core": "^4.1.0"
      }
    },
    "@nlpjs/lang-de": {
      "version": "4.1.0",
      "resolved": "https://registry.npmjs.org/@nlpjs/lang-de/-/lang-de-4.1.0.tgz",
      "integrity": "sha512-65sJoQBgnAcwrDBZQZl0ZaQ0AAWJJYdv9xP5mVqM74lWAllfP0SQiFHIKRImXKM3Ca+vHPJnJkg+II3Ddh+mvg==",
      "requires": {
        "@nlpjs/core": "^4.1.0"
      }
    },
    "@nlpjs/lang-el": {
      "version": "4.1.0",
      "resolved": "https://registry.npmjs.org/@nlpjs/lang-el/-/lang-el-4.1.0.tgz",
      "integrity": "sha512-YGc2n4agbCtUp7E6VoWa/+UOs6Dq6H9hmxeCLkc3pvh7cv8Kv65t79dXP7GwaZ9uTS9LeGLwjSB/nK3jWowf1w==",
      "requires": {
        "@nlpjs/core": "^4.1.0"
      }
    },
    "@nlpjs/lang-en": {
      "version": "4.1.0",
      "resolved": "https://registry.npmjs.org/@nlpjs/lang-en/-/lang-en-4.1.0.tgz",
      "integrity": "sha512-zIhuXR8Qh0sVcB5bsSLUuL2NpcfCHj0dqzhprQa9MLZpV8WuhAS4RP78IsCUMTog5NnLfoK0185tsTK0bk4WFA==",
      "requires": {
        "@nlpjs/core": "^4.1.0",
        "@nlpjs/lang-en-min": "^4.1.0"
      }
    },
    "@nlpjs/lang-en-min": {
      "version": "4.1.0",
      "resolved": "https://registry.npmjs.org/@nlpjs/lang-en-min/-/lang-en-min-4.1.0.tgz",
      "integrity": "sha512-u+cmGIlIEtKiyuAcB71BzlmrURhgWzY+Y/QHdUARYpJlq1/iQSu3az2CPqB1XjMejY7HMEkmUKl/qtiyYquEmA==",
      "requires": {
        "@nlpjs/core": "^4.1.0"
      }
    },
    "@nlpjs/lang-es": {
      "version": "4.1.0",
      "resolved": "https://registry.npmjs.org/@nlpjs/lang-es/-/lang-es-4.1.0.tgz",
      "integrity": "sha512-jUiu1vWYZoG96zOvGTg2/wsAJwb7MPsX/Bf+sXDdcps0nz5VEiLw7e4NX2bOK0zx5c/hzDZsjBuE0J8V0syTMQ==",
      "requires": {
        "@nlpjs/core": "^4.1.0"
      }
    },
    "@nlpjs/lang-eu": {
      "version": "4.1.0",
      "resolved": "https://registry.npmjs.org/@nlpjs/lang-eu/-/lang-eu-4.1.0.tgz",
      "integrity": "sha512-bbQelcpb8W6vRwd/rEVgVCy4C93FXcaXEwcBewvYNmI31WkZPoN55xyrHG36W4LFiGP3NIyHBopqmM+7cdCLpA==",
      "requires": {
        "@nlpjs/core": "^4.1.0"
      }
    },
    "@nlpjs/lang-fa": {
      "version": "4.1.0",
      "resolved": "https://registry.npmjs.org/@nlpjs/lang-fa/-/lang-fa-4.1.0.tgz",
      "integrity": "sha512-QRDxcdew2yztYqYTfo3HJZGYcjCZ8g6qfph0SNUprV9Kw0cqxPvHowo6+OoMqzxpfoMyOUsDX2K7s6QiJ3ooJA==",
      "requires": {
        "@nlpjs/core": "^4.1.0"
      }
    },
    "@nlpjs/lang-fi": {
      "version": "4.1.0",
      "resolved": "https://registry.npmjs.org/@nlpjs/lang-fi/-/lang-fi-4.1.0.tgz",
      "integrity": "sha512-sS7ux2FRo0xkVrm+j8VcxZ6xDZOjCd1SKZ6IiTgGsAle8IWvVPMp+VW8KDO2gkCMTK8i46RMeEM9JFmZdaLlTQ==",
      "requires": {
        "@nlpjs/core": "^4.1.0"
      }
    },
    "@nlpjs/lang-fr": {
      "version": "4.1.0",
      "resolved": "https://registry.npmjs.org/@nlpjs/lang-fr/-/lang-fr-4.1.0.tgz",
      "integrity": "sha512-XZOc/ZjZfg1/GeBYMZmZBSqDaVfyRE0wkN5jP6/RtgUrBiylz591BGpicMwVqo4qCdBASsBiGJWkvPDxt2iRlQ==",
      "requires": {
        "@nlpjs/core": "^4.1.0"
      }
    },
    "@nlpjs/lang-ga": {
      "version": "4.1.0",
      "resolved": "https://registry.npmjs.org/@nlpjs/lang-ga/-/lang-ga-4.1.0.tgz",
      "integrity": "sha512-efdeDW/3vUAR8NnmZ76TgJaJ9ltZBUYEC94U0j3UggzK364oMdSbLP5l06s5cyyv4mW59MqX0usVsqM8Fcyo/A==",
      "requires": {
        "@nlpjs/core": "^4.1.0"
      }
    },
    "@nlpjs/lang-gl": {
      "version": "4.1.0",
      "resolved": "https://registry.npmjs.org/@nlpjs/lang-gl/-/lang-gl-4.1.0.tgz",
      "integrity": "sha512-8nf3rvPE3T7iGwH2c8C8TNPiYxwPoAy4hLLGtMfmfU2LnfFzstfFCtmry18gkE3lET2dL0MxJXU8BNw3JzWBXw==",
      "requires": {
        "@nlpjs/core": "^4.1.0"
      }
    },
    "@nlpjs/lang-hi": {
      "version": "4.1.0",
      "resolved": "https://registry.npmjs.org/@nlpjs/lang-hi/-/lang-hi-4.1.0.tgz",
      "integrity": "sha512-OtlvfHzgDy2vViRccIbKGgB0LEfeEum49IjAWaEKPLzuv6wJ9ozp1XZw0gUKtRzShAFxhKEerWBViQaKiOOfFQ==",
      "requires": {
        "@nlpjs/core": "^4.1.0"
      }
    },
    "@nlpjs/lang-hu": {
      "version": "4.1.0",
      "resolved": "https://registry.npmjs.org/@nlpjs/lang-hu/-/lang-hu-4.1.0.tgz",
      "integrity": "sha512-jXiae93TXtB8ljVIdHmp0AyfK6MUX/isSLoq51ENGaETfllY9bIjR+fY9Uga7cfN+sNL1c9eqR9kV00SigczWQ==",
      "requires": {
        "@nlpjs/core": "^4.1.0"
      }
    },
    "@nlpjs/lang-hy": {
      "version": "4.1.0",
      "resolved": "https://registry.npmjs.org/@nlpjs/lang-hy/-/lang-hy-4.1.0.tgz",
      "integrity": "sha512-pdyVVBEYsWsqvuOhRCTHsJyEWrjKGdRmx1XW4OZYqEt9cuFKOwj8jOAxR9LxvGSrmDXGVpabLwD2XfXe48usYg==",
      "requires": {
        "@nlpjs/core": "^4.1.0"
      }
    },
    "@nlpjs/lang-id": {
      "version": "4.1.0",
      "resolved": "https://registry.npmjs.org/@nlpjs/lang-id/-/lang-id-4.1.0.tgz",
      "integrity": "sha512-7gjDdzZlh/8X647vcoUN7YMrTvMwIkYSXwAypuc0VhzQeFYSLbo3T/qb6z+r9E3RwFwTAn5RxDgYcPqpKFW6RA==",
      "requires": {
        "@nlpjs/core": "^4.1.0"
      }
    },
    "@nlpjs/lang-it": {
      "version": "4.1.0",
      "resolved": "https://registry.npmjs.org/@nlpjs/lang-it/-/lang-it-4.1.0.tgz",
      "integrity": "sha512-opXPdoQ5e9rgM8oa5kPf271yB4gck5mWVdP54AV/t5BRw2P9qv4MPYX1pfFENfcvYPWE2HHnfkDcYP2J1LctjA==",
      "requires": {
        "@nlpjs/core": "^4.1.0"
      }
    },
    "@nlpjs/lang-ja": {
      "version": "4.1.0",
      "resolved": "https://registry.npmjs.org/@nlpjs/lang-ja/-/lang-ja-4.1.0.tgz",
      "integrity": "sha512-heSmwa1V5pQUh1uKOhmSLy6Wc287wRMAqoGiRMGvxBma3xh6+ncalkUnTH0iPFc+iydhWFDjqQN8XhUfplacVA==",
      "requires": {
        "@nlpjs/core": "^4.1.0",
        "kuromoji": "^0.1.2"
      }
    },
    "@nlpjs/lang-lt": {
      "version": "4.1.0",
      "resolved": "https://registry.npmjs.org/@nlpjs/lang-lt/-/lang-lt-4.1.0.tgz",
      "integrity": "sha512-cv6FPviMM+cgGeZd+GbIX8q1Pc3jpsbZ0ngg+RY2fLl9zUC5DBbfw5mXEOukfYICfg3RQXcIuvBkiJbcblWzgA==",
      "requires": {
        "@nlpjs/core": "^4.1.0"
      }
    },
    "@nlpjs/lang-ne": {
      "version": "4.1.0",
      "resolved": "https://registry.npmjs.org/@nlpjs/lang-ne/-/lang-ne-4.1.0.tgz",
      "integrity": "sha512-2ejYBGhJ+pLV0UxMWERuqypdINjp6s2IsEaQr3VWzI5JqBcvKhOYoiyYk89x4b5M8ngi1+DZkPc0HB0XLqiaRg==",
      "requires": {
        "@nlpjs/core": "^4.1.0"
      }
    },
    "@nlpjs/lang-nl": {
      "version": "4.1.0",
      "resolved": "https://registry.npmjs.org/@nlpjs/lang-nl/-/lang-nl-4.1.0.tgz",
      "integrity": "sha512-7W3D35mycrPpz2JhE4Qb+8VbPICST84DMys3AnesKTH/0vazB8VQsgJ3zcRDrecHc5b+sSKGDw2tJnaChsD5eQ==",
      "requires": {
        "@nlpjs/core": "^4.1.0"
      }
    },
    "@nlpjs/lang-no": {
      "version": "4.1.0",
      "resolved": "https://registry.npmjs.org/@nlpjs/lang-no/-/lang-no-4.1.0.tgz",
      "integrity": "sha512-UkG64gv8bSaikXTiGOtcPXruMgPR7d33US0A5joA361bIFCXamMr6/YIc0QAd9Y2XARxopEh2+9iW4yqnsjXIA==",
      "requires": {
        "@nlpjs/core": "^4.1.0"
      }
    },
    "@nlpjs/lang-pl": {
      "version": "4.1.0",
      "resolved": "https://registry.npmjs.org/@nlpjs/lang-pl/-/lang-pl-4.1.0.tgz",
      "integrity": "sha512-NYvOREDTdk4XUtdzLj+ugKeYuOuuoT8PeTKmeFpg4vn4msY9BsLyrYRD19QurPNNP8KKqU6rRrY6PEWRus/+5g==",
      "requires": {
        "@nlpjs/core": "^4.1.0"
      }
    },
    "@nlpjs/lang-pt": {
      "version": "4.1.0",
      "resolved": "https://registry.npmjs.org/@nlpjs/lang-pt/-/lang-pt-4.1.0.tgz",
      "integrity": "sha512-Mpp2D4fNk98D2wu5rWOqbrxTq5+Pd1WZtDH3aErLqC/+IBS4CeTU3rkR2T6ykv+WeZ3qaaNggmL1r9RwOlzx7Q==",
      "requires": {
        "@nlpjs/core": "^4.1.0"
      }
    },
    "@nlpjs/lang-ro": {
      "version": "4.1.0",
      "resolved": "https://registry.npmjs.org/@nlpjs/lang-ro/-/lang-ro-4.1.0.tgz",
      "integrity": "sha512-efgbKV7uw58SDS5L7mBj5P5DMGUxgrNcbrERwTiR1tXLFQPQkfUPmwkSjcM9coEL00OeNS0a3+whFIHlDl1o4A==",
      "requires": {
        "@nlpjs/core": "^4.1.0"
      }
    },
    "@nlpjs/lang-ru": {
      "version": "4.1.0",
      "resolved": "https://registry.npmjs.org/@nlpjs/lang-ru/-/lang-ru-4.1.0.tgz",
      "integrity": "sha512-/TneR2piU9jIuitM/oUCZXimUjPGAPYb44Ns++VvM/yIdybMxcEc72HqSNsD6pZkLQGuqpxagj5bA04OTwVMIw==",
      "requires": {
        "@nlpjs/core": "^4.1.0"
      }
    },
    "@nlpjs/lang-sl": {
      "version": "4.1.0",
      "resolved": "https://registry.npmjs.org/@nlpjs/lang-sl/-/lang-sl-4.1.0.tgz",
      "integrity": "sha512-WeXbQzVCv5ZcZXyMG+fjUK/B/a0T2kKITrlFF6Hya7x7CVuBi8RTKanR0suoa1HbqNzWuoxSUufQt7B2BT8olA==",
      "requires": {
        "@nlpjs/core": "^4.1.0"
      }
    },
    "@nlpjs/lang-sr": {
      "version": "4.1.0",
      "resolved": "https://registry.npmjs.org/@nlpjs/lang-sr/-/lang-sr-4.1.0.tgz",
      "integrity": "sha512-t65X5CQyR+T3W4NAA/WjVQSv6oCpvmXWJfvnQeTzBFSQK4rOJdXIwQVfLAU9NC9KKkRx/URAxPLKEDtKN1TmOw==",
      "requires": {
        "@nlpjs/core": "^4.1.0"
      }
    },
    "@nlpjs/lang-sv": {
      "version": "4.1.0",
      "resolved": "https://registry.npmjs.org/@nlpjs/lang-sv/-/lang-sv-4.1.0.tgz",
      "integrity": "sha512-Iwln4NlmW41hTBVKSdO54L9EIqpTi3FImbaLC1+AcClFNwoqopmqRc4WkPG9ZY9P/x0kmdqyqNQo3VMI7E+pUg==",
      "requires": {
        "@nlpjs/core": "^4.1.0"
      }
    },
    "@nlpjs/lang-ta": {
      "version": "4.1.0",
      "resolved": "https://registry.npmjs.org/@nlpjs/lang-ta/-/lang-ta-4.1.0.tgz",
      "integrity": "sha512-tnBr69Ore1FLEegpNkT2kpeKM06y3xlHLgEoQFX4LAMPKqKkL2Oxx4ea67MgpLBcuyhbyhajWR0mOhAX+ORp6A==",
      "requires": {
        "@nlpjs/core": "^4.1.0"
      }
    },
    "@nlpjs/lang-th": {
      "version": "4.1.0",
      "resolved": "https://registry.npmjs.org/@nlpjs/lang-th/-/lang-th-4.1.0.tgz",
      "integrity": "sha512-b1z2BpUMXP7qFWIPgZjiQneE4kqKbI8/TvlS34KieU6xrMRxcj9nxmdy+ccpYTR/O18qnVVowGG3vZmzoOllQA==",
      "requires": {
        "@nlpjs/core": "^4.1.0"
      }
    },
    "@nlpjs/lang-tl": {
      "version": "4.1.0",
      "resolved": "https://registry.npmjs.org/@nlpjs/lang-tl/-/lang-tl-4.1.0.tgz",
      "integrity": "sha512-78x4bdVaNr2zvDVzsyfVmMT6+FpvPaQJhE4yGxUKEyzWsqe0wQpYj58uuRmgRnir2j/5tW83Bv5VIwKtvpKHew==",
      "requires": {
        "@nlpjs/core": "^4.1.0"
      }
    },
    "@nlpjs/lang-tr": {
      "version": "4.1.0",
      "resolved": "https://registry.npmjs.org/@nlpjs/lang-tr/-/lang-tr-4.1.0.tgz",
      "integrity": "sha512-KpBJi85floMbv61Pwoz7SOAss2xM7dvKm2DhlJB1oP8FVSh+gsK62D636kTL2r7NC330MbCworHWu3m117jZ0w==",
      "requires": {
        "@nlpjs/core": "^4.1.0"
      }
    },
    "@nlpjs/lang-uk": {
      "version": "4.1.0",
      "resolved": "https://registry.npmjs.org/@nlpjs/lang-uk/-/lang-uk-4.1.0.tgz",
      "integrity": "sha512-hrx9eglVv88dIATV6qtPWFkABnb+rRaUhf6WKUqqKUFqHfSYtMR0ere22g+EgFJrywDFw5T35nSa5UVAzOy08w==",
      "requires": {
        "@nlpjs/core": "^4.1.0"
      }
    },
    "@nlpjs/lang-zh": {
      "version": "4.1.0",
      "resolved": "https://registry.npmjs.org/@nlpjs/lang-zh/-/lang-zh-4.1.0.tgz",
      "integrity": "sha512-iZ6smlKD7p8JbnFOqNBG85kSXW62HBezq9ohRcMJqj0spdovhw2FbpeeUY+wFZ/0KnJGcHKfLtmfyNVEbWGUfw==",
      "requires": {
        "@nlpjs/core": "^4.1.0"
      }
    },
    "@nlpjs/language": {
      "version": "4.0.0-rc.19",
      "resolved": "https://registry.npmjs.org/@nlpjs/language/-/language-4.0.0-rc.19.tgz",
      "integrity": "sha512-YnTvWLXZW+qhJ2daxa6qGsn/hlEhusJmitivhySw9yhlNS+Of2VyTES0XPUOw/RpjqN8Hr64tL0HJw9gOY1Jaw=="
    },
    "@nlpjs/language-min": {
      "version": "4.1.0",
      "resolved": "https://registry.npmjs.org/@nlpjs/language-min/-/language-min-4.1.0.tgz",
      "integrity": "sha512-zPbfwzAHlaQcdp1NYpxHc3g6Sg2cnDsXpPZoDhCe+i6meIF7YCCXjlQlAvvA6lXRYGHc5cvteMb8fI/wEdXHMQ=="
    },
    "@nlpjs/ner": {
      "version": "4.1.0",
      "resolved": "https://registry.npmjs.org/@nlpjs/ner/-/ner-4.1.0.tgz",
      "integrity": "sha512-LO4xk+QV9yhfIuZysMbSY6R2X86nd7X91+xnmKcEFISXq3rd819VPMBfCxEtoyhceQf8tyKvSRv3q3ewIumucA==",
      "requires": {
        "@nlpjs/core": "^4.1.0",
        "@nlpjs/language-min": "^4.1.0",
        "@nlpjs/similarity": "^4.0.0-rc.4"
      }
    },
    "@nlpjs/neural": {
      "version": "4.1.0",
      "resolved": "https://registry.npmjs.org/@nlpjs/neural/-/neural-4.1.0.tgz",
      "integrity": "sha512-9gQgWJBLITQsDq9cnHM0BMo6BP5KIrzX2aITRnNOGW4zWNLbESTQAXsjfFb5Vya7QRUKzhb9PZULv/V773RHfw==",
      "requires": {
        "@nlpjs/core": "^4.1.0"
      }
    },
    "@nlpjs/nlg": {
      "version": "4.1.0",
      "resolved": "https://registry.npmjs.org/@nlpjs/nlg/-/nlg-4.1.0.tgz",
      "integrity": "sha512-9ZPdAHI2QRIw7neaZDm252yNg0huxctUrPvEpCVmgf5+yxQ0i7eGFjdxsK+wWI/MEzI2CONBpQJbQS/Xm1wz3w==",
      "requires": {
        "@nlpjs/core": "^4.1.0"
      }
    },
    "@nlpjs/nlp": {
      "version": "4.1.0",
      "resolved": "https://registry.npmjs.org/@nlpjs/nlp/-/nlp-4.1.0.tgz",
      "integrity": "sha512-3d3/legmryG+MDmp2Ox6sV0+dB2TFqcuGCv46eQRiulhHWr4edIk3B1njC6NEyKK4JX+dViBib3ezjoZnyyzRg==",
      "requires": {
        "@nlpjs/core": "^4.1.0",
        "@nlpjs/ner": "^4.1.0",
        "@nlpjs/nlg": "^4.1.0",
        "@nlpjs/nlu": "^4.1.0",
        "@nlpjs/sentiment": "^4.1.0",
        "@nlpjs/slot": "^4.0.0-rc.4"
      }
    },
    "@nlpjs/nlu": {
      "version": "4.1.0",
      "resolved": "https://registry.npmjs.org/@nlpjs/nlu/-/nlu-4.1.0.tgz",
      "integrity": "sha512-CBNaGycK4vMhgeC7HJ9/OqoxoGEFIULNsX5pjCk+5/dXzHyCXM+7fY6aXQfYsULQv/gsJgolXeOdY0uhxDedLQ==",
      "requires": {
        "@nlpjs/core": "^4.1.0",
        "@nlpjs/language-min": "^4.1.0",
        "@nlpjs/neural": "^4.1.0",
        "@nlpjs/similarity": "^4.0.0-rc.4"
      }
    },
    "@nlpjs/request": {
      "version": "4.1.0",
      "resolved": "https://registry.npmjs.org/@nlpjs/request/-/request-4.1.0.tgz",
      "integrity": "sha512-2yYLdetqRjSrP44GV3xvNUZs2NB1a4cAhYut0tep/93M4U3tst/B+N1Ug6vP3GOSwc0NBJKOS3bwuYUSxbnAbQ==",
      "requires": {
        "https-proxy-agent": "^3.0.1"
      }
    },
    "@nlpjs/sentiment": {
      "version": "4.1.0",
      "resolved": "https://registry.npmjs.org/@nlpjs/sentiment/-/sentiment-4.1.0.tgz",
      "integrity": "sha512-W4SQMGHWlsHpLyq8iVr9CzYkN5pnQrkW0pYfQMpeRgWGieuJf+QrPHihTQv31gkl1oGJbRVoE65t2c7vZ7Vpgw==",
      "requires": {
        "@nlpjs/core": "^4.1.0",
        "@nlpjs/language-min": "^4.1.0",
        "@nlpjs/neural": "^4.1.0"
      }
    },
    "@nlpjs/similarity": {
      "version": "4.0.0-rc.4",
      "resolved": "https://registry.npmjs.org/@nlpjs/similarity/-/similarity-4.0.0-rc.4.tgz",
      "integrity": "sha512-S5zC6JbISyLtZkLF86qU5T4X5kolibvmY7DCHQICsWsu/P7xDQEQ9whRCM4NO3bypnvQefRsljsAGCCC462eWw=="
    },
    "@nlpjs/slot": {
      "version": "4.0.0-rc.4",
      "resolved": "https://registry.npmjs.org/@nlpjs/slot/-/slot-4.0.0-rc.4.tgz",
      "integrity": "sha512-oprPTcwCjjg+zJYmKeBhfHQDaYjVCOyMgmN6puFYQR4t//0kHbTw4XVwljJv68Wd3h6JTwx96k1X7tFTuDPrew=="
    },
    "@nlpjs/xtables": {
      "version": "4.0.0-rc.4",
      "resolved": "https://registry.npmjs.org/@nlpjs/xtables/-/xtables-4.0.0-rc.4.tgz",
      "integrity": "sha512-zakc473Zb6/0iIf2cisKZcJiGH2y9EPKS2YvhrxcRP+glOY1eSo3SEsreqPk2O0x+4LTOl43UZcCCELjvYhSCA==",
      "requires": {
        "xlsx": "^0.15.1"
      }
    },
    "adler-32": {
      "version": "1.2.0",
      "resolved": "https://registry.npmjs.org/adler-32/-/adler-32-1.2.0.tgz",
      "integrity": "sha1-aj5r8KY5ALoVZSgIyxXGgT0aXyU=",
      "requires": {
        "exit-on-epipe": "~1.0.1",
        "printj": "~1.1.0"
      }
    },
    "agent-base": {
      "version": "4.3.0",
      "resolved": "https://registry.npmjs.org/agent-base/-/agent-base-4.3.0.tgz",
      "integrity": "sha512-salcGninV0nPrwpGNn4VTXBb1SOuXQBiqbrNXoeizJsHrsL6ERFM2Ne3JUSBWRE6aeNJI2ROP/WEEIDUiDe3cg==",
      "requires": {
        "es6-promisify": "^5.0.0"
      }
    },
    "async": {
      "version": "2.6.3",
      "resolved": "https://registry.npmjs.org/async/-/async-2.6.3.tgz",
      "integrity": "sha512-zflvls11DCy+dQWzTW2dzuilv8Z5X/pjfmZOWba6TNIVDm+2UDaJmXSOXlasHKfNBs8oo3M0aT50fDEWfKZjXg==",
      "requires": {
        "lodash": "^4.17.14"
      }
    },
    "bignumber.js": {
      "version": "7.2.1",
      "resolved": "https://registry.npmjs.org/bignumber.js/-/bignumber.js-7.2.1.tgz",
      "integrity": "sha512-S4XzBk5sMB+Rcb/LNcpzXr57VRTxgAvaAEDAl1AwRx27j00hT84O6OkteE7u8UB3NuaaygCRrEpqox4uDOrbdQ=="
    },
    "cfb": {
      "version": "1.1.3",
      "resolved": "https://registry.npmjs.org/cfb/-/cfb-1.1.3.tgz",
      "integrity": "sha512-joXBW0nMuwV9no7UTMiyVJnQL6XIU3ThXVjFUDHgl9MpILPOomyfaGqC290VELZ48bbQKZXnQ81UT5HouTxHsw==",
      "requires": {
        "adler-32": "~1.2.0",
        "commander": "^2.16.0",
        "crc-32": "~1.2.0",
        "printj": "~1.1.2"
      }
    },
    "codepage": {
      "version": "1.14.0",
      "resolved": "https://registry.npmjs.org/codepage/-/codepage-1.14.0.tgz",
      "integrity": "sha1-jL4lSBMjVZ19MHVxsP/5HnodL5k=",
      "requires": {
        "commander": "~2.14.1",
        "exit-on-epipe": "~1.0.1"
      },
      "dependencies": {
        "commander": {
          "version": "2.14.1",
          "resolved": "https://registry.npmjs.org/commander/-/commander-2.14.1.tgz",
          "integrity": "sha512-+YR16o3rK53SmWHU3rEM3tPAh2rwb1yPcQX5irVn7mb0gXbwuCCrnkbV5+PBfETdfg1vui07nM6PCG1zndcjQw=="
        }
      }
    },
    "commander": {
      "version": "2.17.1",
      "resolved": "https://registry.npmjs.org/commander/-/commander-2.17.1.tgz",
      "integrity": "sha512-wPMUt6FnH2yzG95SA6mzjQOEKUU3aLaDEmzs1ti+1E9h+CsrZghRlqEM/EJ4KscsQVG8uNN4uVreUeT8+drlgg=="
    },
    "crc-32": {
      "version": "1.2.0",
      "resolved": "https://registry.npmjs.org/crc-32/-/crc-32-1.2.0.tgz",
      "integrity": "sha512-1uBwHxF+Y/4yF5G48fwnKq6QsIXheor3ZLPT80yGBV1oEUwpPojlEhQbWKVw1VwcTQyMGHK1/XMmTjmlsmTTGA==",
      "requires": {
        "exit-on-epipe": "~1.0.1",
        "printj": "~1.1.0"
      }
    },
    "debug": {
      "version": "3.2.6",
      "resolved": "https://registry.npmjs.org/debug/-/debug-3.2.6.tgz",
      "integrity": "sha512-mel+jf7nrtEl5Pn1Qx46zARXKDpBbvzezse7p7LqINmdoIk8PYP5SySaxEmYv6TZ0JyEKA1hsCId6DIhgITtWQ==",
      "requires": {
        "ms": "^2.1.1"
      }
    },
    "deep-is": {
      "version": "0.1.3",
      "resolved": "https://registry.npmjs.org/deep-is/-/deep-is-0.1.3.tgz",
      "integrity": "sha1-s2nW+128E+7PUk+RsHD+7cNXzzQ="
    },
    "doublearray": {
      "version": "0.0.2",
      "resolved": "https://registry.npmjs.org/doublearray/-/doublearray-0.0.2.tgz",
      "integrity": "sha1-Yxhv6NNEEydtNiH2qg7F954ifvk="
    },
    "es6-promise": {
      "version": "4.2.8",
      "resolved": "https://registry.npmjs.org/es6-promise/-/es6-promise-4.2.8.tgz",
      "integrity": "sha512-HJDGx5daxeIvxdBxvG2cb9g4tEvwIk3i8+nhX0yGrYmZUzbkdg8QbDevheDB8gd0//uPj4c1EQua8Q+MViT0/w=="
    },
    "es6-promisify": {
      "version": "5.0.0",
      "resolved": "https://registry.npmjs.org/es6-promisify/-/es6-promisify-5.0.0.tgz",
      "integrity": "sha1-UQnWLz5W6pZ8S2NQWu8IKRyKUgM=",
      "requires": {
        "es6-promise": "^4.0.3"
      }
    },
    "escodegen": {
      "version": "1.14.1",
      "resolved": "https://registry.npmjs.org/escodegen/-/escodegen-1.14.1.tgz",
      "integrity": "sha512-Bmt7NcRySdIfNPfU2ZoXDrrXsG9ZjvDxcAlMfDUgRBjLOWTuIACXPBFJH7Z+cLb40JeQco5toikyc9t9P8E9SQ==",
      "requires": {
        "esprima": "^4.0.1",
        "estraverse": "^4.2.0",
        "esutils": "^2.0.2",
        "optionator": "^0.8.1",
        "source-map": "~0.6.1"
      }
    },
    "esprima": {
      "version": "4.0.1",
      "resolved": "https://registry.npmjs.org/esprima/-/esprima-4.0.1.tgz",
      "integrity": "sha512-eGuFFw7Upda+g4p+QHvnW0RyTX/SVeJBDM/gCtMARO0cLuT2HcEKnTPvhjV6aGeqrCB/sbNop0Kszm0jsaWU4A=="
    },
    "estraverse": {
      "version": "4.3.0",
      "resolved": "https://registry.npmjs.org/estraverse/-/estraverse-4.3.0.tgz",
      "integrity": "sha512-39nnKffWz8xN1BU/2c79n9nB9HDzo0niYUqx6xyqUnyoAnQyyWpOTdZEeiCch8BBu515t4wp9ZmgVfVhn9EBpw=="
    },
    "esutils": {
      "version": "2.0.3",
      "resolved": "https://registry.npmjs.org/esutils/-/esutils-2.0.3.tgz",
      "integrity": "sha512-kVscqXk4OCp68SZ0dkgEKVi6/8ij300KBWTJq32P/dYeWTSwK41WyTxalN1eRmA5Z9UU/LX9D7FWSmV9SAYx6g=="
    },
    "exit-on-epipe": {
      "version": "1.0.1",
      "resolved": "https://registry.npmjs.org/exit-on-epipe/-/exit-on-epipe-1.0.1.tgz",
      "integrity": "sha512-h2z5mrROTxce56S+pnvAV890uu7ls7f1kEvVGJbw1OlFH3/mlJ5bkXu0KRyW94v37zzHPiUd55iLn3DA7TjWpw=="
    },
    "fast-levenshtein": {
      "version": "2.0.6",
      "resolved": "https://registry.npmjs.org/fast-levenshtein/-/fast-levenshtein-2.0.6.tgz",
      "integrity": "sha1-PYpcZog6FqMMqGQ+hR8Zuqd5eRc="
    },
    "frac": {
      "version": "1.1.2",
      "resolved": "https://registry.npmjs.org/frac/-/frac-1.1.2.tgz",
      "integrity": "sha512-w/XBfkibaTl3YDqASwfDUqkna4Z2p9cFSr1aHDt0WoMTECnRfBOv2WArlZILlqgWlmdIlALXGpM2AOhEk5W3IA=="
    },
    "grapheme-splitter": {
      "version": "1.0.4",
      "resolved": "https://registry.npmjs.org/grapheme-splitter/-/grapheme-splitter-1.0.4.tgz",
      "integrity": "sha512-bzh50DW9kTPM00T8y4o8vQg89Di9oLJVLW/KaOGIXJWP/iqCN6WKYkbNOF04vFLJhwcpYUh9ydh/+5vpOqV4YQ=="
    },
    "https-proxy-agent": {
      "version": "3.0.1",
      "resolved": "https://registry.npmjs.org/https-proxy-agent/-/https-proxy-agent-3.0.1.tgz",
      "integrity": "sha512-+ML2Rbh6DAuee7d07tYGEKOEi2voWPUGan+ExdPbPW6Z3svq+JCqr0v8WmKPOkz1vOVykPCBSuobe7G8GJUtVg==",
      "requires": {
        "agent-base": "^4.3.0",
        "debug": "^3.1.0"
      }
    },
    "kuromoji": {
      "version": "0.1.2",
      "resolved": "https://registry.npmjs.org/kuromoji/-/kuromoji-0.1.2.tgz",
      "integrity": "sha512-V0dUf+C2LpcPEXhoHLMAop/bOht16Dyr+mDiIE39yX3vqau7p80De/koFqpiTcL1zzdZlc3xuHZ8u5gjYRfFaQ==",
      "requires": {
        "async": "^2.0.1",
        "doublearray": "0.0.2",
        "zlibjs": "^0.3.1"
      }
    },
    "levn": {
      "version": "0.3.0",
      "resolved": "https://registry.npmjs.org/levn/-/levn-0.3.0.tgz",
      "integrity": "sha1-OwmSTt+fCDwEkP3UwLxEIeBHZO4=",
      "requires": {
        "prelude-ls": "~1.1.2",
        "type-check": "~0.3.2"
      }
    },
    "lodash": {
      "version": "4.17.15",
      "resolved": "https://registry.npmjs.org/lodash/-/lodash-4.17.15.tgz",
      "integrity": "sha512-8xOcRHvCjnocdS5cpwXQXVzmmh5e5+saE2QGoeQmbKmRS6J3VQppPOIt0MnmE+4xlZoumy0GPG0D0MVIQbNA1A=="
    },
    "lodash.escaperegexp": {
      "version": "4.1.2",
      "resolved": "https://registry.npmjs.org/lodash.escaperegexp/-/lodash.escaperegexp-4.1.2.tgz",
      "integrity": "sha1-ZHYsSGGAglGKw99Mz11YhtriA0c="
    },
    "lodash.isequal": {
      "version": "4.5.0",
      "resolved": "https://registry.npmjs.org/lodash.isequal/-/lodash.isequal-4.5.0.tgz",
      "integrity": "sha1-QVxEePK8wwEgwizhDtMib30+GOA="
    },
    "lodash.last": {
      "version": "3.0.0",
      "resolved": "https://registry.npmjs.org/lodash.last/-/lodash.last-3.0.0.tgz",
      "integrity": "sha1-JC9mMRLdTG5jcoxgo8kJ0b2tvUw="
    },
    "lodash.max": {
      "version": "4.0.1",
      "resolved": "https://registry.npmjs.org/lodash.max/-/lodash.max-4.0.1.tgz",
      "integrity": "sha1-hzVWbGGLNan3YFILSHrnllivE2o="
    },
    "lodash.sortby": {
      "version": "4.7.0",
      "resolved": "https://registry.npmjs.org/lodash.sortby/-/lodash.sortby-4.7.0.tgz",
      "integrity": "sha1-7dFMgk4sycHgsKG0K7UhBRakJDg="
    },
    "lodash.tonumber": {
      "version": "4.0.3",
      "resolved": "https://registry.npmjs.org/lodash.tonumber/-/lodash.tonumber-4.0.3.tgz",
      "integrity": "sha1-C5azGzVnJ5Prf1pj7nkfG56QJdk="
    },
    "lodash.trimend": {
      "version": "4.5.1",
      "resolved": "https://registry.npmjs.org/lodash.trimend/-/lodash.trimend-4.5.1.tgz",
      "integrity": "sha1-EoBENyhrmMrYmWt5QU4RMAEUCC8="
    },
    "ms": {
      "version": "2.1.2",
      "resolved": "https://registry.npmjs.org/ms/-/ms-2.1.2.tgz",
      "integrity": "sha512-sGkPx+VjMtmA6MX27oA4FBFELFCZZ4S4XqeGOXCv68tT+jb3vk/RyaKWP0PTKyWtmLSM0b+adUTEvbs1PEaH2w=="
    },
    "node-nlp": {
      "version": "4.1.0",
      "resolved": "https://registry.npmjs.org/node-nlp/-/node-nlp-4.1.0.tgz",
      "integrity": "sha512-2Ntg6wqqc62E2HIP4VKmRPPjufPjOV7W5lqKRirBAqykUP/BlRhuraL+gYniuC3NDKYSVeLqxu6OSs4J/TdUeA==",
      "requires": {
        "@nlpjs/builtin-duckling": "^4.1.0",
        "@nlpjs/builtin-microsoft": "^4.1.0",
        "@nlpjs/core-loader": "^4.1.0",
        "@nlpjs/emoji": "^4.1.0",
        "@nlpjs/evaluator": "^4.0.0-rc.19",
        "@nlpjs/lang-all": "^4.1.0",
        "@nlpjs/language": "^4.0.0-rc.19",
        "@nlpjs/neural": "^4.1.0",
        "@nlpjs/nlg": "^4.1.0",
        "@nlpjs/nlp": "^4.1.0",
        "@nlpjs/nlu": "^4.1.0",
        "@nlpjs/request": "^4.1.0",
        "@nlpjs/sentiment": "^4.1.0",
        "@nlpjs/similarity": "^4.0.0-rc.4",
        "@nlpjs/xtables": "^4.0.0-rc.4"
      }
    },
    "optionator": {
      "version": "0.8.3",
      "resolved": "https://registry.npmjs.org/optionator/-/optionator-0.8.3.tgz",
      "integrity": "sha512-+IW9pACdk3XWmmTXG8m3upGUJst5XRGzxMRjXzAuJ1XnIFNvfhjjIuYkDvysnPQ7qzqVzLt78BCruntqRhWQbA==",
      "requires": {
        "deep-is": "~0.1.3",
        "fast-levenshtein": "~2.0.6",
        "levn": "~0.3.0",
        "prelude-ls": "~1.1.2",
        "type-check": "~0.3.2",
        "word-wrap": "~1.2.3"
      }
    },
    "prelude-ls": {
      "version": "1.1.2",
      "resolved": "https://registry.npmjs.org/prelude-ls/-/prelude-ls-1.1.2.tgz",
      "integrity": "sha1-IZMqVJ9eUv/ZqCf1cOBL5iqX2lQ="
    },
    "printj": {
      "version": "1.1.2",
      "resolved": "https://registry.npmjs.org/printj/-/printj-1.1.2.tgz",
      "integrity": "sha512-zA2SmoLaxZyArQTOPj5LXecR+RagfPSU5Kw1qP+jkWeNlrq+eJZyY2oS68SU1Z/7/myXM4lo9716laOFAVStCQ=="
    },
    "source-map": {
      "version": "0.6.1",
      "resolved": "https://registry.npmjs.org/source-map/-/source-map-0.6.1.tgz",
      "integrity": "sha512-UjgapumWlbMhkBgzT7Ykc5YXUT46F0iKu8SGXq0bcwP5dz/h0Plj6enJqjz1Zbq2l5WaqYnrVbwWOWMyF3F47g==",
      "optional": true
    },
    "ssf": {
      "version": "0.10.2",
      "resolved": "https://registry.npmjs.org/ssf/-/ssf-0.10.2.tgz",
      "integrity": "sha512-rDhAPm9WyIsY8eZEKyE8Qsotb3j/wBdvMWBUsOhJdfhKGLfQidRjiBUV0y/MkyCLiXQ38FG6LWW/VYUtqlIDZQ==",
      "requires": {
        "frac": "~1.1.2"
      }
    },
    "type-check": {
      "version": "0.3.2",
      "resolved": "https://registry.npmjs.org/type-check/-/type-check-0.3.2.tgz",
      "integrity": "sha1-WITKtRLPHTVeP7eE8wgEsrUg23I=",
      "requires": {
        "prelude-ls": "~1.1.2"
      }
    },
    "word-wrap": {
      "version": "1.2.3",
      "resolved": "https://registry.npmjs.org/word-wrap/-/word-wrap-1.2.3.tgz",
      "integrity": "sha512-Hz/mrNwitNRh/HUAtM/VT/5VH+ygD6DV7mYKZAtHOrbs8U7lvPS6xf7EJKMF0uW1KJCl0H701g3ZGus+muE5vQ=="
    },
    "xlsx": {
      "version": "0.15.5",
      "resolved": "https://registry.npmjs.org/xlsx/-/xlsx-0.15.5.tgz",
      "integrity": "sha512-iWyTqe6UGTkp3XQOeeKPEBcZvmBfzIo3hDIVDfhGIEoTGVIq2JWEk6tIx0F+oKUje3pfZUx4V1W+P6892AB8kQ==",
      "requires": {
        "adler-32": "~1.2.0",
        "cfb": "^1.1.3",
        "codepage": "~1.14.0",
        "commander": "~2.17.1",
        "crc-32": "~1.2.0",
        "exit-on-epipe": "~1.0.1",
        "ssf": "~0.10.2"
      }
    },
    "zlibjs": {
      "version": "0.3.1",
      "resolved": "https://registry.npmjs.org/zlibjs/-/zlibjs-0.3.1.tgz",
      "integrity": "sha1-UBl+2yihxCymWcyLTmqd3W1ERVQ="
    }
  }
}
